
Microsoft Visual Studio Solution File, Format Version 12.00
# Visual Studio 2012
Project("{FAE04EC0-301F-11D3-BF4B-00C04F79EFBC}") = "GarmentsEmployeeManagementSystem", "GarmentsEmployeeManagementSystem\GarmentsEmployeeManagementSystem.csproj", "{3C8E99F3-2AB9-49E1-A5D4-B1C0764F81DD}"
EndProject
Global
	GlobalSection(SolutionConfigurationPlatforms) = preSolution
		Debug|Any CPU = Debug|Any CPU
		Release|Any CPU = Release|Any CPU
	EndGlobalSection
	GlobalSection(ProjectConfigurationPlatforms) = postSolution
		{3C8E99F3-2AB9-49E1-A5D4-B1C0764F81DD}.Debug|Any CPU.ActiveCfg = Debug|Any CPU
		{3C8E99F3-2AB9-49E1-A5D4-B1C0764F81DD}.Debug|Any CPU.Build.0 = Debug|Any CPU
		{3C8E99F3-2AB9-49E1-A5D4-B1C0764F81DD}.Release|Any CPU.ActiveCfg = Release|Any CPU
		{3C8E99F3-2AB9-49E1-A5D4-B1C0764F81DD}.Release|Any CPU.Build.0 = Release|Any CPU
	EndGlobalSection
	GlobalSection(SolutionProperties) = preSolution
		HideSolutionNode = FALSE
	EndGlobalSection
EndGlobal
